Microsoft Visual Studio Solution File, Format Version 12.00
# Visual Studio Version 17
VisualStudioVersion = 17.5.2.0
MinimumVisualStudioVersion = 10.0.40219.1
Project("{2150E333-8FDC-42A3-9474-1A3956D46DE8}") = "jobvago-api", "jobvago-api", "{5A3AF0AD-9385-AAFB-88DD-6BA3DE84AF8A}"
EndProject
Project("{FAE04EC0-301F-11D3-BF4B-00C04F79EFBC}") = "Jobvago.Api", "jobvago-api\Jobvago.Api\Jobvago.Api.csproj", "{0D62A245-D37E-A41D-65A2-7F1C6F17E7EE}"
EndProject
Global
	GlobalSection(SolutionConfigurationPlatforms) = preSolution
		Debug|Any CPU = Debug|Any CPU
		Release|Any CPU = Release|Any CPU
	EndGlobalSection
	GlobalSection(ProjectConfigurationPlatforms) = postSolution
		{0D62A245-D37E-A41D-65A2-7F1C6F17E7EE}.Debug|Any CPU.ActiveCfg = Debug|Any CPU
		{0D62A245-D37E-A41D-65A2-7F1C6F17E7EE}.Debug|Any CPU.Build.0 = Debug|Any CPU
		{0D62A245-D37E-A41D-65A2-7F1C6F17E7EE}.Release|Any CPU.ActiveCfg = Release|Any CPU
		{0D62A245-D37E-A41D-65A2-7F1C6F17E7EE}.Release|Any CPU.Build.0 = Release|Any CPU
	EndGlobalSection
	GlobalSection(SolutionProperties) = preSolution
		HideSolutionNode = FALSE
	EndGlobalSection
	GlobalSection(NestedProjects) = preSolution
		{0D62A245-D37E-A41D-65A2-7F1C6F17E7EE} = {5A3AF0AD-9385-AAFB-88DD-6BA3DE84AF8A}
	EndGlobalSection
	GlobalSection(ExtensibilityGlobals) = postSolution
		SolutionGuid = {4784EF2D-5DF4-4458-89DE-BE2AE669A26F}
	EndGlobalSection
EndGlobal
